{
  "name": "subgraph-test",
  "lockfileVersion": 3,
  "requires": true,
  "packages": {
    "": {
      "name": "subgraph-test",
      "license": "UNLICENSED",
      "dependencies": {
        "@graphprotocol/graph-ts": "^0.35.0",
        "mustache": "^4.2.0"
      },
      "devDependencies": {
        "matchstick-as": "0.5.0"
      }
    },
    "node_modules/@graphprotocol/graph-ts": {
      "version": "0.35.0",
      "resolved": "https://registry.npmjs.org/@graphprotocol/graph-ts/-/graph-ts-0.35.0.tgz",
      "integrity": "sha512-dM+I/e/WeBa8Q3m4ZLFfJjKBS9YwV+DLggWi8oEIGmnhPAZ298QB6H4hquvxqaOTSXJ2j9tPsw3xSmbRLwk39A==",
      "dependencies": {
        "assemblyscript": "0.19.10"
      }
    },
    "node_modules/@graphprotocol/graph-ts/node_modules/assemblyscript": {
      "version": "0.19.10",
      "resolved": "https://registry.npmjs.org/assemblyscript/-/assemblyscript-0.19.10.tgz",
      "integrity": "sha512-HavcUBXB3mBTRGJcpvaQjmnmaqKHBGREjSPNsIvnAk2f9dj78y4BkMaSSdvBQYWcDDzsHQjyUC8stICFkD1Odg==",
      "dependencies": {
        "binaryen": "101.0.0-nightly.20210723",
        "long": "^4.0.0"
      },
      "bin": {
        "asc": "bin/asc",
        "asinit": "bin/asinit"
      },
      "funding": {
        "type": "opencollective",
        "url": "https://opencollective.com/assemblyscript"
      }
    },
    "node_modules/@graphprotocol/graph-ts/node_modules/binaryen": {
      "version": "101.0.0-nightly.20210723",
      "resolved": "https://registry.npmjs.org/binaryen/-/binaryen-101.0.0-nightly.20210723.tgz",
      "integrity": "sha512-eioJNqhHlkguVSbblHOtLqlhtC882SOEPKmNFZaDuz1hzQjolxZ+eu3/kaS10n3sGPONsIZsO7R9fR00UyhEUA==",
      "bin": {
        "wasm-opt": "bin/wasm-opt"
      }
    },
    "node_modules/@graphprotocol/graph-ts/node_modules/long": {
      "version": "4.0.0",
      "resolved": "https://registry.npmjs.org/long/-/long-4.0.0.tgz",
      "integrity": "sha512-XsP+KhQif4bjX1kbuSiySJFNAehNxgLb6hPRGJ9QsUr8ajHkuXGdrHmFUTUUXhDwVX2R5bY4JNZEwbUiMhV+MA=="
    },
    "node_modules/assemblyscript": {
      "version": "0.19.23",
      "resolved": "https://registry.npmjs.org/assemblyscript/-/assemblyscript-0.19.23.tgz",
      "integrity": "sha512-fwOQNZVTMga5KRsfY80g7cpOl4PsFQczMwHzdtgoqLXaYhkhavufKb0sB0l3T1DUxpAufA0KNhlbpuuhZUwxMA==",
      "dev": true,
      "dependencies": {
        "binaryen": "102.0.0-nightly.20211028",
        "long": "^5.2.0",
        "source-map-support": "^0.5.20"
      },
      "bin": {
        "asc": "bin/asc",
        "asinit": "bin/asinit"
      },
      "funding": {
        "type": "opencollective",
        "url": "https://opencollective.com/assemblyscript"
      }
    },
    "node_modules/binaryen": {
      "version": "102.0.0-nightly.20211028",
      "resolved": "https://registry.npmjs.org/binaryen/-/binaryen-102.0.0-nightly.20211028.tgz",
      "integrity": "sha512-GCJBVB5exbxzzvyt8MGDv/MeUjs6gkXDvf4xOIItRBptYl0Tz5sm1o/uG95YK0L0VeG5ajDu3hRtkBP2kzqC5w==",
      "dev": true,
      "bin": {
        "wasm-opt": "bin/wasm-opt"
      }
    },
    "node_modules/buffer-from": {
      "version": "1.1.2",
      "resolved": "https://registry.npmjs.org/buffer-from/-/buffer-from-1.1.2.tgz",
      "integrity": "sha512-E+XQCRwSbaaiChtv6k6Dwgc+bx+Bs6vuKJHHl5kox/BaKbhiXzqQOwK4cO22yElGp2OCmjwVhT3HmxgyPGnJfQ==",
      "dev": true
    },
    "node_modules/long": {
      "version": "5.2.3",
      "resolved": "https://registry.npmjs.org/long/-/long-5.2.3.tgz",
      "integrity": "sha512-lcHwpNoggQTObv5apGNCTdJrO69eHOZMi4BNC+rTLER8iHAqGrUVeLh/irVIM7zTw2bOXA8T6uNPeujwOLg/2Q==",
      "dev": true
    },
    "node_modules/matchstick-as": {
      "version": "0.5.0",
      "resolved": "https://registry.npmjs.org/matchstick-as/-/matchstick-as-0.5.0.tgz",
      "integrity": "sha512-4K619YDH+so129qt4RB4JCNxaFwJJYLXPc7drpG+/mIj86Cfzg6FKs/bA91cnajmS1CLHdhHl9vt6Kd6Oqvfkg==",
      "dev": true,
      "dependencies": {
        "@graphprotocol/graph-ts": "^0.27.0",
        "assemblyscript": "^0.19.20",
        "wabt": "1.0.24"
      }
    },
    "node_modules/matchstick-as/node_modules/@graphprotocol/graph-ts": {
      "version": "0.27.0",
      "resolved": "https://registry.npmjs.org/@graphprotocol/graph-ts/-/graph-ts-0.27.0.tgz",
      "integrity": "sha512-r1SPDIZVQiGMxcY8rhFSM0y7d/xAbQf5vHMWUf59js1KgoyWpM6P3tczZqmQd7JTmeyNsDGIPzd9FeaxllsU4w==",
      "dev": true,
      "dependencies": {
        "assemblyscript": "0.19.10"
      }
    },
    "node_modules/matchstick-as/node_modules/@graphprotocol/graph-ts/node_modules/assemblyscript": {
      "version": "0.19.10",
      "resolved": "https://registry.npmjs.org/assemblyscript/-/assemblyscript-0.19.10.tgz",
      "integrity": "sha512-HavcUBXB3mBTRGJcpvaQjmnmaqKHBGREjSPNsIvnAk2f9dj78y4BkMaSSdvBQYWcDDzsHQjyUC8stICFkD1Odg==",
      "dev": true,
      "dependencies": {
        "binaryen": "101.0.0-nightly.20210723",
        "long": "^4.0.0"
      },
      "bin": {
        "asc": "bin/asc",
        "asinit": "bin/asinit"
      },
      "funding": {
        "type": "opencollective",
        "url": "https://opencollective.com/assemblyscript"
      }
    },
    "node_modules/matchstick-as/node_modules/binaryen": {
      "version": "101.0.0-nightly.20210723",
      "resolved": "https://registry.npmjs.org/binaryen/-/binaryen-101.0.0-nightly.20210723.tgz",
      "integrity": "sha512-eioJNqhHlkguVSbblHOtLqlhtC882SOEPKmNFZaDuz1hzQjolxZ+eu3/kaS10n3sGPONsIZsO7R9fR00UyhEUA==",
      "dev": true,
      "bin": {
        "wasm-opt": "bin/wasm-opt"
      }
    },
    "node_modules/matchstick-as/node_modules/long": {
      "version": "4.0.0",
      "resolved": "https://registry.npmjs.org/long/-/long-4.0.0.tgz",
      "integrity": "sha512-XsP+KhQif4bjX1kbuSiySJFNAehNxgLb6hPRGJ9QsUr8ajHkuXGdrHmFUTUUXhDwVX2R5bY4JNZEwbUiMhV+MA==",
      "dev": true
    },
    "node_modules/mustache": {
      "version": "4.2.0",
      "resolved": "https://registry.npmjs.org/mustache/-/mustache-4.2.0.tgz",
      "integrity": "sha512-71ippSywq5Yb7/tVYyGbkBggbU8H3u5Rz56fH60jGFgr8uHwxs+aSKeqmluIVzM0m0kB7xQjKS6qPfd0b2ZoqQ==",
      "bin": {
        "mustache": "bin/mustache"
      }
    },
    "node_modules/source-map": {
      "version": "0.6.1",
      "resolved": "https://registry.npmjs.org/source-map/-/source-map-0.6.1.tgz",
      "integrity": "sha512-UjgapumWlbMhkBgzT7Ykc5YXUT46F0iKu8SGXq0bcwP5dz/h0Plj6enJqjz1Zbq2l5WaqYnrVbwWOWMyF3F47g==",
      "dev": true,
      "engines": {
        "node": ">=0.10.0"
      }
    },
    "node_modules/source-map-support": {
      "version": "0.5.21",
      "resolved": "https://registry.npmjs.org/source-map-support/-/source-map-support-0.5.21.tgz",
      "integrity": "sha512-uBHU3L3czsIyYXKX88fdrGovxdSCoTGDRZ6SYXtSRxLZUzHg5P/66Ht6uoUlHu9EZod+inXhKo3qQgwXUT/y1w==",
      "dev": true,
      "dependencies": {
        "buffer-from": "^1.0.0",
        "source-map": "^0.6.0"
      }
    },
    "node_modules/wabt": {
      "version": "1.0.24",
      "resolved": "https://registry.npmjs.org/wabt/-/wabt-1.0.24.tgz",
      "integrity": "sha512-8l7sIOd3i5GWfTWciPL0+ff/FK/deVK2Q6FN+MPz4vfUcD78i2M/49XJTwF6aml91uIiuXJEsLKWMB2cw/mtKg==",
      "dev": true,
      "bin": {
        "wasm-decompile": "bin/wasm-decompile",
        "wasm-interp": "bin/wasm-interp",
        "wasm-objdump": "bin/wasm-objdump",
        "wasm-opcodecnt": "bin/wasm-opcodecnt",
        "wasm-strip": "bin/wasm-strip",
        "wasm-validate": "bin/wasm-validate",
        "wasm2c": "bin/wasm2c",
        "wasm2wat": "bin/wasm2wat",
        "wat2wasm": "bin/wat2wasm"
      }
    }
  }
}
